// !$*UTF8*$!
{
	archiveVersion = 1;
	classes = {
	};
	objectVersion = 56;
	objects = {

/* Begin PBXBuildFile section */
		FE0ABDF12A7417D300E50947 /* TabView.storyboard in Resources */ = {isa = PBXBuildFile; fileRef = FE0ABDF02A7417D300E50947 /* TabView.storyboard */; };
		FE0ABDF32A7418BE00E50947 /* Mortgage.storyboard in Resources */ = {isa = PBXBuildFile; fileRef = FE0ABDF22A7418BE00E50947 /* Mortgage.storyboard */; };
		FE48CB5D2A735F740010F866 /* AppDelegate.swift in Sources */ = {isa = PBXBuildFile; fileRef = FE48CB5C2A735F740010F866 /* AppDelegate.swift */; };
		FE48CB5F2A735F740010F866 /* SceneDelegate.swift in Sources */ = {isa = PBXBuildFile; fileRef = FE48CB5E2A735F740010F866 /* SceneDelegate.swift */; };
		FE48CB612A735F740010F866 /* ViewController.swift in Sources */ = {isa = PBXBuildFile; fileRef = FE48CB602A735F740010F866 /* ViewController.swift */; };
		FE48CB642A735F740010F866 /* Main.storyboard in Resources */ = {isa = PBXBuildFile; fileRef = FE48CB622A735F740010F866 /* Main.storyboard */; };
		FE48CB662A735F750010F866 /* Assets.xcassets in Resources */ = {isa = PBXBuildFile; fileRef = FE48CB652A735F750010F866 /* Assets.xcassets */; };
		FE48CB692A735F750010F866 /* LaunchScreen.storyboard in Resources */ = {isa = PBXBuildFile; fileRef = FE48CB672A735F750010F866 /* LaunchScreen.storyboard */; };
		FE686D502A741AEA00DE3A76 /* SavingsViewController.swift in Sources */ = {isa = PBXBuildFile; fileRef = FE686D4F2A741AEA00DE3A76 /* SavingsViewController.swift */; };
		FE686D522A741AF700DE3A76 /* MortgageViewController.swift in Sources */ = {isa = PBXBuildFile; fileRef = FE686D512A741AF700DE3A76 /* MortgageViewController.swift */; };
		FE686D562A741C5600DE3A76 /* TabBarViewController.swift in Sources */ = {isa = PBXBuildFile; fileRef = FE686D552A741C5600DE3A76 /* TabBarViewController.swift */; };
		FEDB8CF12A74216D00983670 /* FAQ.storyboard in Resources */ = {isa = PBXBuildFile; fileRef = FEDB8CF02A74216D00983670 /* FAQ.storyboard */; };
		FEDB8CF52A742D8200983670 /* Loans.storyboard in Resources */ = {isa = PBXBuildFile; fileRef = FEDB8CF42A742D8200983670 /* Loans.storyboard */; };
		FEDB8CF72A742DA100983670 /* LoanViewController.swift in Sources */ = {isa = PBXBuildFile; fileRef = FEDB8CF62A742DA100983670 /* LoanViewController.swift */; };
		FEDB8CF92A744EAB00983670 /* Savings.storyboard in Resources */ = {isa = PBXBuildFile; fileRef = FEDB8CF82A744EAB00983670 /* Savings.storyboard */; };
		FEDB8D172A74852900983670 /* CompoundLoanAndSavings.xcdatamodeld in Sources */ = {isa = PBXBuildFile; fileRef = FEDB8D152A74852900983670 /* CompoundLoanAndSavings.xcdatamodeld */; };
		FEDB8D222A7489AE00983670 /* CurrentCompoundData+CoreDataClass.swift in Sources */ = {isa = PBXBuildFile; fileRef = FEDB8D202A7489AE00983670 /* CurrentCompoundData+CoreDataClass.swift */; };
		FEDB8D232A7489AE00983670 /* CurrentCompoundData+CoreDataProperties.swift in Sources */ = {isa = PBXBuildFile; fileRef = FEDB8D212A7489AE00983670 /* CurrentCompoundData+CoreDataProperties.swift */; };
/* End PBXBuildFile section */

/* Begin PBXFileReference section */
		FE0ABDF02A7417D300E50947 /* TabView.storyboard */ = {isa = PBXFileReference; lastKnownFileType = file.storyboard; path = TabView.storyboard; sourceTree = "<group>"; };
		FE0ABDF22A7418BE00E50947 /* Mortgage.storyboard */ = {isa = PBXFileReference; lastKnownFileType = file.storyboard; path = Mortgage.storyboard; sourceTree = "<group>"; };
		FE48CB592A735F740010F866 /* CW1_7SENG999C.app */ = {isa = PBXFileReference; explicitFileType = wrapper.application; includeInIndex = 0; path = CW1_7SENG999C.app; sourceTree = BUILT_PRODUCTS_DIR; };
		FE48CB5C2A735F740010F866 /* AppDelegate.swift */ = {isa = PBXFileReference; lastKnownFileType = sourcecode.swift; path = AppDelegate.swift; sourceTree = "<group>"; };
		FE48CB5E2A735F740010F866 /* SceneDelegate.swift */ = {isa = PBXFileReference; lastKnownFileType = sourcecode.swift; path = SceneDelegate.swift; sourceTree = "<group>"; };
		FE48CB602A735F740010F866 /* ViewController.swift */ = {isa = PBXFileReference; lastKnownFileType = sourcecode.swift; path = ViewController.swift; sourceTree = "<group>"; };
		FE48CB632A735F740010F866 /* Base */ = {isa = PBXFileReference; lastKnownFileType = file.storyboard; name = Base; path = Base.lproj/Main.storyboard; sourceTree = "<group>"; };
		FE48CB652A735F750010F866 /* Assets.xcassets */ = {isa = PBXFileReference; lastKnownFileType = folder.assetcatalog; path = Assets.xcassets; sourceTree = "<group>"; };
		FE48CB682A735F750010F866 /* Base */ = {isa = PBXFileReference; lastKnownFileType = file.storyboard; name = Base; path = Base.lproj/LaunchScreen.storyboard; sourceTree = "<group>"; };
		FE48CB6A2A735F750010F866 /* Info.plist */ = {isa = PBXFileReference; lastKnownFileType = text.plist.xml; path = Info.plist; sourceTree = "<group>"; };
		FE686D4F2A741AEA00DE3A76 /* SavingsViewController.swift */ = {isa = PBXFileReference; lastKnownFileType = sourcecode.swift; path = SavingsViewController.swift; sourceTree = "<group>"; };
		FE686D512A741AF700DE3A76 /* MortgageViewController.swift */ = {isa = PBXFileReference; lastKnownFileType = sourcecode.swift; path = MortgageViewController.swift; sourceTree = "<group>"; };
		FE686D552A741C5600DE3A76 /* TabBarViewController.swift */ = {isa = PBXFileReference; lastKnownFileType = sourcecode.swift; path = TabBarViewController.swift; sourceTree = "<group>"; };
		FEDB8CF02A74216D00983670 /* FAQ.storyboard */ = {isa = PBXFileReference; lastKnownFileType = file.storyboard; path = FAQ.storyboard; sourceTree = "<group>"; };
		FEDB8CF42A742D8200983670 /* Loans.storyboard */ = {isa = PBXFileReference; lastKnownFileType = file.storyboard; path = Loans.storyboard; sourceTree = "<group>"; };
		FEDB8CF62A742DA100983670 /* LoanViewController.swift */ = {isa = PBXFileReference; lastKnownFileType = sourcecode.swift; path = LoanViewController.swift; sourceTree = "<group>"; };
		FEDB8CF82A744EAB00983670 /* Savings.storyboard */ = {isa = PBXFileReference; lastKnownFileType = file.storyboard; path = Savings.storyboard; sourceTree = "<group>"; };
		FEDB8D162A74852900983670 /* CompoundLoanAndSavings.xcdatamodel */ = {isa = PBXFileReference; lastKnownFileType = wrapper.xcdatamodel; path = CompoundLoanAndSavings.xcdatamodel; sourceTree = "<group>"; };
		FEDB8D202A7489AE00983670 /* CurrentCompoundData+CoreDataClass.swift */ = {isa = PBXFileReference; lastKnownFileType = sourcecode.swift; path = "CurrentCompoundData+CoreDataClass.swift"; sourceTree = "<group>"; };
		FEDB8D212A7489AE00983670 /* CurrentCompoundData+CoreDataProperties.swift */ = {isa = PBXFileReference; lastKnownFileType = sourcecode.swift; path = "CurrentCompoundData+CoreDataProperties.swift"; sourceTree = "<group>"; };
/* End PBXFileReference section */

/* Begin PBXFrameworksBuildPhase section */
		FE48CB562A735F740010F866 /* Frameworks */ = {
			isa = PBXFrameworksBuildPhase;
			buildActionMask = 2147483647;
			files = (
			);
			runOnlyForDeploymentPostprocessing = 0;
		};
/* End PBXFrameworksBuildPhase section */

/* Begin PBXGroup section */
		FE0ABDED2A74178900E50947 /* Storyboards */ = {
			isa = PBXGroup;
			children = (
				FE48CB672A735F750010F866 /* LaunchScreen.storyboard */,
				FE48CB622A735F740010F866 /* Main.storyboard */,
				FE0ABDF02A7417D300E50947 /* TabView.storyboard */,
				FE0ABDF22A7418BE00E50947 /* Mortgage.storyboard */,
				FEDB8CF02A74216D00983670 /* FAQ.storyboard */,
				FEDB8CF42A742D8200983670 /* Loans.storyboard */,
				FEDB8CF82A744EAB00983670 /* Savings.storyboard */,
			);
			path = Storyboards;
			sourceTree = "<group>";
		};
		FE48CB502A735F740010F866 = {
			isa = PBXGroup;
			children = (
				FEDB8D202A7489AE00983670 /* CurrentCompoundData+CoreDataClass.swift */,
				FEDB8D212A7489AE00983670 /* CurrentCompoundData+CoreDataProperties.swift */,
				FEDB8D152A74852900983670 /* CompoundLoanAndSavings.xcdatamodeld */,
				FE48CB5B2A735F740010F866 /* CW1_7SENG999C */,
				FE48CB5A2A735F740010F866 /* Products */,
			);
			sourceTree = "<group>";
		};
		FE48CB5A2A735F740010F866 /* Products */ = {
			isa = PBXGroup;
			children = (
				FE48CB592A735F740010F866 /* CW1_7SENG999C.app */,
			);
			name = Products;
			sourceTree = "<group>";
		};
		FE48CB5B2A735F740010F866 /* CW1_7SENG999C */ = {
			isa = PBXGroup;
			children = (
				FE686D4E2A741AD400DE3A76 /* Controllers */,
				FE0ABDED2A74178900E50947 /* Storyboards */,
				FE48CB5C2A735F740010F866 /* AppDelegate.swift */,
				FE48CB5E2A735F740010F866 /* SceneDelegate.swift */,
				FE48CB652A735F750010F866 /* Assets.xcassets */,
				FE48CB6A2A735F750010F866 /* Info.plist */,
			);
			path = CW1_7SENG999C;
			sourceTree = "<group>";
		};
		FE686D4E2A741AD400DE3A76 /* Controllers */ = {
			isa = PBXGroup;
			children = (
				FE48CB602A735F740010F866 /* ViewController.swift */,
				FE686D4F2A741AEA00DE3A76 /* SavingsViewController.swift */,
				FE686D512A741AF700DE3A76 /* MortgageViewController.swift */,
				FE686D552A741C5600DE3A76 /* TabBarViewController.swift */,
				FEDB8CF62A742DA100983670 /* LoanViewController.swift */,
			);
			path = Controllers;
			sourceTree = "<group>";
		};
/* End PBXGroup section */

/* Begin PBXNativeTarget section */
		FE48CB582A735F740010F866 /* CW1_7SENG999C */ = {
			isa = PBXNativeTarget;
			buildConfigurationList = FE48CB6D2A735F750010F866 /* Build configuration list for PBXNativeTarget "CW1_7SENG999C" */;
			buildPhases = (
				FE48CB552A735F740010F866 /* Sources */,
				FE48CB562A735F740010F866 /* Frameworks */,
				FE48CB572A735F740010F866 /* Resources */,
			);
			buildRules = (
			);
			dependencies = (
			);
			name = CW1_7SENG999C;
			productName = CW1_7SENG999C;
			productReference = FE48CB592A735F740010F866 /* CW1_7SENG999C.app */;
			productType = "com.apple.product-type.application";
		};
/* End PBXNativeTarget section */

/* Begin PBXProject section */
		FE48CB512A735F740010F866 /* Project object */ = {
			isa = PBXProject;
			attributes = {
				BuildIndependentTargetsInParallel = 1;
				LastSwiftUpdateCheck = 1430;
				LastUpgradeCheck = 1430;
				TargetAttributes = {
					FE48CB582A735F740010F866 = {
						CreatedOnToolsVersion = 14.3.1;
					};
				};
			};
			buildConfigurationList = FE48CB542A735F740010F866 /* Build configuration list for PBXProject "CW1_7SENG999C" */;
			compatibilityVersion = "Xcode 14.0";
			developmentRegion = en;
			hasScannedForEncodings = 0;
			knownRegions = (
				en,
				Base,
			);
			mainGroup = FE48CB502A735F740010F866;
			productRefGroup = FE48CB5A2A735F740010F866 /* Products */;
			projectDirPath = "";
			projectRoot = "";
			targets = (
				FE48CB582A735F740010F866 /* CW1_7SENG999C */,
			);
		};
/* End PBXProject section */

/* Begin PBXResourcesBuildPhase section */
		FE48CB572A735F740010F866 /* Resources */ = {
			isa = PBXResourcesBuildPhase;
			buildActionMask = 2147483647;
			files = (
				FE0ABDF12A7417D300E50947 /* TabView.storyboard in Resources */,
				FE48CB692A735F750010F866 /* LaunchScreen.storyboard in Resources */,
				FE48CB662A735F750010F866 /* Assets.xcassets in Resources */,
				FEDB8CF52A742D8200983670 /* Loans.storyboard in Resources */,
				FEDB8CF92A744EAB00983670 /* Savings.storyboard in Resources */,
				FEDB8CF12A74216D00983670 /* FAQ.storyboard in Resources */,
				FE0ABDF32A7418BE00E50947 /* Mortgage.storyboard in Resources */,
				FE48CB642A735F740010F866 /* Main.storyboard in Resources */,
			);
			runOnlyForDeploymentPostprocessing = 0;
		};
/* End PBXResourcesBuildPhase section */

/* Begin PBXSourcesBuildPhase section */
		FE48CB552A735F740010F866 /* Sources */ = {
			isa = PBXSourcesBuildPhase;
			buildActionMask = 2147483647;
			files = (
				FEDB8D172A74852900983670 /* CompoundLoanAndSavings.xcdatamodeld in Sources */,
				FE686D562A741C5600DE3A76 /* TabBarViewController.swift in Sources */,
				FE686D522A741AF700DE3A76 /* MortgageViewController.swift in Sources */,
				FE686D502A741AEA00DE3A76 /* SavingsViewController.swift in Sources */,
				FEDB8D222A7489AE00983670 /* CurrentCompoundData+CoreDataClass.swift in Sources */,
				FEDB8CF72A742DA100983670 /* LoanViewController.swift in Sources */,
				FE48CB612A735F740010F866 /* ViewController.swift in Sources */,
				FE48CB5D2A735F740010F866 /* AppDelegate.swift in Sources */,
				FEDB8D232A7489AE00983670 /* CurrentCompoundData+CoreDataProperties.swift in Sources */,
				FE48CB5F2A735F740010F866 /* SceneDelegate.swift in Sources */,
			);
			runOnlyForDeploymentPostprocessing = 0;
		};
/* End PBXSourcesBuildPhase section */

/* Begin PBXVariantGroup section */
		FE48CB622A735F740010F866 /* Main.storyboard */ = {
			isa = PBXVariantGroup;
			children = (
				FE48CB632A735F740010F866 /* Base */,
			);
			name = Main.storyboard;
			sourceTree = "<group>";
		};
		FE48CB672A735F750010F866 /* LaunchScreen.storyboard */ = {
			isa = PBXVariantGroup;
			children = (
				FE48CB682A735F750010F866 /* Base */,
			);
			name = LaunchScreen.storyboard;
			sourceTree = "<group>";
		};
/* End PBXVariantGroup section */

/* Begin XCBuildConfiguration section */
		FE48CB6B2A735F750010F866 /* Debug */ = {
			isa = XCBuildConfiguration;
			buildSettings = {
				ALWAYS_SEARCH_USER_PATHS = NO;
				CLANG_ANALYZER_NONNULL = YES;
				CLANG_ANALYZER_NUMBER_OBJECT_CONVERSION = YES_AGGRESSIVE;
				CLANG_CXX_LANGUAGE_STANDARD = "gnu++20";
				CLANG_ENABLE_MODULES = YES;
				CLANG_ENABLE_OBJC_ARC = YES;
				CLANG_ENABLE_OBJC_WEAK = YES;
				CLANG_WARN_BLOCK_CAPTURE_AUTORELEASING = YES;
				CLANG_WARN_BOOL_CONVERSION = YES;
				CLANG_WARN_COMMA = YES;
				CLANG_WARN_CONSTANT_CONVERSION = YES;
				CLANG_WARN_DEPRECATED_OBJC_IMPLEMENTATIONS = YES;
				CLANG_WARN_DIRECT_OBJC_ISA_USAGE = YES_ERROR;
				CLANG_WARN_DOCUMENTATION_COMMENTS = YES;
				CLANG_WARN_EMPTY_BODY = YES;
				CLANG_WARN_ENUM_CONVERSION = YES;
				CLANG_WARN_INFINITE_RECURSION = YES;
				CLANG_WARN_INT_CONVERSION = YES;
				CLANG_WARN_NON_LITERAL_NULL_CONVERSION = YES;
				CLANG_WARN_OBJC_IMPLICIT_RETAIN_SELF = YES;
				CLANG_WARN_OBJC_LITERAL_CONVERSION = YES;
				CLANG_WARN_OBJC_ROOT_CLASS = YES_ERROR;
				CLANG_WARN_QUOTED_INCLUDE_IN_FRAMEWORK_HEADER = YES;
				CLANG_WARN_RANGE_LOOP_ANALYSIS = YES;
				CLANG_WARN_STRICT_PROTOTYPES = YES;
				CLANG_WARN_SUSPICIOUS_MOVE = YES;
				CLANG_WARN_UNGUARDED_AVAILABILITY = YES_AGGRESSIVE;
				CLANG_WARN_UNREACHABLE_CODE = YES;
				CLANG_WARN__DUPLICATE_METHOD_MATCH = YES;
				COPY_PHASE_STRIP = NO;
				DEBUG_INFORMATION_FORMAT = dwarf;
				ENABLE_STRICT_OBJC_MSGSEND = YES;
				ENABLE_TESTABILITY = YES;
				GCC_C_LANGUAGE_STANDARD = gnu11;
				GCC_DYNAMIC_NO_PIC = NO;
				GCC_NO_COMMON_BLOCKS = YES;
				GCC_OPTIMIZATION_LEVEL = 0;
				GCC_PREPROCESSOR_DEFINITIONS = (
					"DEBUG=1",
					"$(inherited)",
				);
				GCC_WARN_64_TO_32_BIT_CONVERSION = YES;
				GCC_WARN_ABOUT_RETURN_TYPE = YES_ERROR;
				GCC_WARN_UNDECLARED_SELECTOR = YES;
				GCC_WARN_UNINITIALIZED_AUTOS = YES_AGGRESSIVE;
				GCC_WARN_UNUSED_FUNCTION = YES;
				GCC_WARN_UNUSED_VARIABLE = YES;
				IPHONEOS_DEPLOYMENT_TARGET = 16.4;
				MTL_ENABLE_DEBUG_INFO = INCLUDE_SOURCE;
				MTL_FAST_MATH = YES;
				ONLY_ACTIVE_ARCH = YES;
				SDKROOT = iphoneos;
				SWIFT_ACTIVE_COMPILATION_CONDITIONS = DEBUG;
				SWIFT_OPTIMIZATION_LEVEL = "-Onone";
			};
			name = Debug;
		};
		FE48CB6C2A735F750010F866 /* Release */ = {
			isa = XCBuildConfiguration;
			buildSettings = {
				ALWAYS_SEARCH_USER_PATHS = NO;
				CLANG_ANALYZER_NONNULL = YES;
				CLANG_ANALYZER_NUMBER_OBJECT_CONVERSION = YES_AGGRESSIVE;
				CLANG_CXX_LANGUAGE_STANDARD = "gnu++20";
				CLANG_ENABLE_MODULES = YES;
				CLANG_ENABLE_OBJC_ARC = YES;
				CLANG_ENABLE_OBJC_WEAK = YES;
				CLANG_WARN_BLOCK_CAPTURE_AUTORELEASING = YES;
				CLANG_WARN_BOOL_CONVERSION = YES;
				CLANG_WARN_COMMA = YES;
				CLANG_WARN_CONSTANT_CONVERSION = YES;
				CLANG_WARN_DEPRECATED_OBJC_IMPLEMENTATIONS = YES;
				CLANG_WARN_DIRECT_OBJC_ISA_USAGE = YES_ERROR;
				CLANG_WARN_DOCUMENTATION_COMMENTS = YES;
				CLANG_WARN_EMPTY_BODY = YES;
				CLANG_WARN_ENUM_CONVERSION = YES;
				CLANG_WARN_INFINITE_RECURSION = YES;
				CLANG_WARN_INT_CONVERSION = YES;
				CLANG_WARN_NON_LITERAL_NULL_CONVERSION = YES;
				CLANG_WARN_OBJC_IMPLICIT_RETAIN_SELF = YES;
				CLANG_WARN_OBJC_LITERAL_CONVERSION = YES;
				CLANG_WARN_OBJC_ROOT_CLASS = YES_ERROR;
				CLANG_WARN_QUOTED_INCLUDE_IN_FRAMEWORK_HEADER = YES;
				CLANG_WARN_RANGE_LOOP_ANALYSIS = YES;
				CLANG_WARN_STRICT_PROTOTYPES = YES;
				CLANG_WARN_SUSPICIOUS_MOVE = YES;
				CLANG_WARN_UNGUARDED_AVAILABILITY = YES_AGGRESSIVE;
				CLANG_WARN_UNREACHABLE_CODE = YES;
				CLANG_WARN__DUPLICATE_METHOD_MATCH = YES;
				COPY_PHASE_STRIP = NO;
				DEBUG_INFORMATION_FORMAT = "dwarf-with-dsym";
				ENABLE_NS_ASSERTIONS = NO;
				ENABLE_STRICT_OBJC_MSGSEND = YES;
				GCC_C_LANGUAGE_STANDARD = gnu11;
				GCC_NO_COMMON_BLOCKS = YES;
				GCC_WARN_64_TO_32_BIT_CONVERSION = YES;
				GCC_WARN_ABOUT_RETURN_TYPE = YES_ERROR;
				GCC_WARN_UNDECLARED_SELECTOR = YES;
				GCC_WARN_UNINITIALIZED_AUTOS = YES_AGGRESSIVE;
				GCC_WARN_UNUSED_FUNCTION = YES;
				GCC_WARN_UNUSED_VARIABLE = YES;
				IPHONEOS_DEPLOYMENT_TARGET = 16.4;
				MTL_ENABLE_DEBUG_INFO = NO;
				MTL_FAST_MATH = YES;
				SDKROOT = iphoneos;
				SWIFT_COMPILATION_MODE = wholemodule;
				SWIFT_OPTIMIZATION_LEVEL = "-O";
				VALIDATE_PRODUCT = YES;
			};
			name = Release;
		};
		FE48CB6E2A735F750010F866 /* Debug */ = {
			isa = XCBuildConfiguration;
			buildSettings = {
				ASSETCATALOG_COMPILER_APPICON_NAME = AppIcon;
				ASSETCATALOG_COMPILER_GLOBAL_ACCENT_COLOR_NAME = AccentColor;
				CODE_SIGN_STYLE = Automatic;
				CURRENT_PROJECT_VERSION = 1;
				GENERATE_INFOPLIST_FILE = YES;
				INFOPLIST_FILE = CW1_7SENG999C/Info.plist;
				INFOPLIST_KEY_UIApplicationSupportsIndirectInputEvents = YES;
				INFOPLIST_KEY_UILaunchStoryboardName = LaunchScreen;
				INFOPLIST_KEY_UIMainStoryboardFile = Main;
				INFOPLIST_KEY_UISupportedInterfaceOrientations_iPad = "UIInterfaceOrientationPortrait UIInterfaceOrientationPortraitUpsideDown UIInterfaceOrientationLandscapeLeft UIInterfaceOrientationLandscapeRight";
				INFOPLIST_KEY_UISupportedInterfaceOrientations_iPhone = "UIInterfaceOrientationPortrait UIInterfaceOrientationLandscapeLeft UIInterfaceOrientationLandscapeRight";
				LD_RUNPATH_SEARCH_PATHS = (
					"$(inherited)",
					"@executable_path/Frameworks",
				);
				MARKETING_VERSION = 1.0;
				PRODUCT_BUNDLE_IDENTIFIER = "com.iranwa.CW1-7SENG999C";
				PRODUCT_NAME = "$(TARGET_NAME)";
				SWIFT_EMIT_LOC_STRINGS = YES;
				SWIFT_VERSION = 5.0;
				TARGETED_DEVICE_FAMILY = "1,2";
			};
			name = Debug;
		};
		FE48CB6F2A735F750010F866 /* Release */ = {
			isa = XCBuildConfiguration;
			buildSettings = {
				ASSETCATALOG_COMPILER_APPICON_NAME = AppIcon;
				ASSETCATALOG_COMPILER_GLOBAL_ACCENT_COLOR_NAME = AccentColor;
				CODE_SIGN_STYLE = Automatic;
				CURRENT_PROJECT_VERSION = 1;
				GENERATE_INFOPLIST_FILE = YES;
				INFOPLIST_FILE = CW1_7SENG999C/Info.plist;
				INFOPLIST_KEY_UIApplicationSupportsIndirectInputEvents = YES;
				INFOPLIST_KEY_UILaunchStoryboardName = LaunchScreen;
				INFOPLIST_KEY_UIMainStoryboardFile = Main;
				INFOPLIST_KEY_UISupportedInterfaceOrientations_iPad = "UIInterfaceOrientationPortrait UIInterfaceOrientationPortraitUpsideDown UIInterfaceOrientationLandscapeLeft UIInterfaceOrientationLandscapeRight";
				INFOPLIST_KEY_UISupportedInterfaceOrientations_iPhone = "UIInterfaceOrientationPortrait UIInterfaceOrientationLandscapeLeft UIInterfaceOrientationLandscapeRight";
				LD_RUNPATH_SEARCH_PATHS = (
					"$(inherited)",
					"@executable_path/Frameworks",
				);
				MARKETING_VERSION = 1.0;
				PRODUCT_BUNDLE_IDENTIFIER = "com.iranwa.CW1-7SENG999C";
				PRODUCT_NAME = "$(TARGET_NAME)";
				SWIFT_EMIT_LOC_STRINGS = YES;
				SWIFT_VERSION = 5.0;
				TARGETED_DEVICE_FAMILY = "1,2";
			};
			name = Release;
		};
/* End XCBuildConfiguration section */

/* Begin XCConfigurationList section */
		FE48CB542A735F740010F866 /* Build configuration list for PBXProject "CW1_7SENG999C" */ = {
			isa = XCConfigurationList;
			buildConfigurations = (
				FE48CB6B2A735F750010F866 /* Debug */,
				FE48CB6C2A735F750010F866 /* Release */,
			);
			defaultConfigurationIsVisible = 0;
			defaultConfigurationName = Release;
		};
		FE48CB6D2A735F750010F866 /* Build configuration list for PBXNativeTarget "CW1_7SENG999C" */ = {
			isa = XCConfigurationList;
			buildConfigurations = (
				FE48CB6E2A735F750010F866 /* Debug */,
				FE48CB6F2A735F750010F866 /* Release */,
			);
			defaultConfigurationIsVisible = 0;
			defaultConfigurationName = Release;
		};
/* End XCConfigurationList section */

/* Begin XCVersionGroup section */
		FEDB8D152A74852900983670 /* CompoundLoanAndSavings.xcdatamodeld */ = {
			isa = XCVersionGroup;
			children = (
				FEDB8D162A74852900983670 /* CompoundLoanAndSavings.xcdatamodel */,
			);
			currentVersion = FEDB8D162A74852900983670 /* CompoundLoanAndSavings.xcdatamodel */;
			path = CompoundLoanAndSavings.xcdatamodeld;
			sourceTree = "<group>";
			versionGroupType = wrapper.xcdatamodel;
		};
/* End XCVersionGroup section */
	};
	rootObject = FE48CB512A735F740010F866 /* Project object */;
}
